{
  "nodes": {
    "nixpkgs": {
      "locked": {
        "lastModified": 1767609681,
        "narHash": "sha256-K2E2nX92j2M2HB7pcmJXb5kElNZfZ1UpqNiKlNltPhI=",
        "owner": "NixOS",
        "repo": "nixpkgs",
        "rev": "12f0ab691bd9eee8d6eab16be948f45ccb2a06a8",
        "type": "github"
      },
      "original": {
        "owner": "NixOS",
        "repo": "nixpkgs",
        "type": "github"
      }
    },
    "root": {
      "inputs": {
        "nixpkgs": "nixpkgs"
      }
    }
  },
  "root": "root",
  "version": 7
}
